
Microsoft Visual Studio Solution File, Format Version 12.00
# Visual Studio 2017
Project("{FAE04EC0-301F-11D3-BF4B-00C04F79EFBC}") = "Voxel.Plugins", "Voxel.Plugins.csproj", "{B3324376-D96D-E80F-9DED-6B28378C657E}"
EndProject
Project("{FAE04EC0-301F-11D3-BF4B-00C04F79EFBC}") = "Voxel", "Voxel.csproj", "{54FDC343-76CE-5E20-EF07-E1A6E145E297}"
EndProject
Project("{FAE04EC0-301F-11D3-BF4B-00C04F79EFBC}") = "Voxel.Editor.Plugins", "Voxel.Editor.Plugins.csproj", "{2CDFE136-E538-6F77-7A49-352BF0F206AC}"
EndProject
Global
	GlobalSection(SolutionConfigurationPlatforms) = preSolution
		Debug|Any CPU = Debug|Any CPU
		Release|Any CPU = Release|Any CPU
	EndGlobalSection
	GlobalSection(ProjectConfigurationPlatforms) = postSolution
		{B3324376-D96D-E80F-9DED-6B28378C657E}.Debug|Any CPU.ActiveCfg = Debug|Any CPU
		{B3324376-D96D-E80F-9DED-6B28378C657E}.Debug|Any CPU.Build.0 = Debug|Any CPU
		{B3324376-D96D-E80F-9DED-6B28378C657E}.Release|Any CPU.ActiveCfg = Release|Any CPU
		{B3324376-D96D-E80F-9DED-6B28378C657E}.Release|Any CPU.Build.0 = Release|Any CPU
		{54FDC343-76CE-5E20-EF07-E1A6E145E297}.Debug|Any CPU.ActiveCfg = Debug|Any CPU
		{54FDC343-76CE-5E20-EF07-E1A6E145E297}.Debug|Any CPU.Build.0 = Debug|Any CPU
		{54FDC343-76CE-5E20-EF07-E1A6E145E297}.Release|Any CPU.ActiveCfg = Release|Any CPU
		{54FDC343-76CE-5E20-EF07-E1A6E145E297}.Release|Any CPU.Build.0 = Release|Any CPU
		{2CDFE136-E538-6F77-7A49-352BF0F206AC}.Debug|Any CPU.ActiveCfg = Debug|Any CPU
		{2CDFE136-E538-6F77-7A49-352BF0F206AC}.Debug|Any CPU.Build.0 = Debug|Any CPU
		{2CDFE136-E538-6F77-7A49-352BF0F206AC}.Release|Any CPU.ActiveCfg = Release|Any CPU
		{2CDFE136-E538-6F77-7A49-352BF0F206AC}.Release|Any CPU.Build.0 = Release|Any CPU
	EndGlobalSection
	GlobalSection(SolutionProperties) = preSolution
		HideSolutionNode = FALSE
	EndGlobalSection
EndGlobal
